
Microsoft Visual Studio Solution File, Format Version 12.00
# Visual Studio 15
VisualStudioVersion = 15.0.27703.2000
MinimumVisualStudioVersion = 10.0.40219.1
Project("{FAE04EC0-301F-11D3-BF4B-00C04F79EFBC}") = "CNSAConcert", "CNSAConcert\CNSAConcert.csproj", "{CF4FEE0A-811A-4A60-869E-D60A7D5AB955}"
EndProject
Global
	GlobalSection(SolutionConfigurationPlatforms) = preSolution
		Debug|Any CPU = Debug|Any CPU
		Release|Any CPU = Release|Any CPU
	EndGlobalSection
	GlobalSection(ProjectConfigurationPlatforms) = postSolution
		{CF4FEE0A-811A-4A60-869E-D60A7D5AB955}.Debug|Any CPU.ActiveCfg = Debug|Any CPU
		{CF4FEE0A-811A-4A60-869E-D60A7D5AB955}.Debug|Any CPU.Build.0 = Debug|Any CPU
		{CF4FEE0A-811A-4A60-869E-D60A7D5AB955}.Release|Any CPU.ActiveCfg = Release|Any CPU
		{CF4FEE0A-811A-4A60-869E-D60A7D5AB955}.Release|Any CPU.Build.0 = Release|Any CPU
	EndGlobalSection
	GlobalSection(SolutionProperties) = preSolution
		HideSolutionNode = FALSE
	EndGlobalSection
	GlobalSection(ExtensibilityGlobals) = postSolution
		SolutionGuid = {62008FBD-9E59-4272-9F99-3CD35AD9A95B}
	EndGlobalSection
EndGlobal
